
Microsoft Visual Studio Solution File, Format Version 12.00
# Visual Studio Version 16
VisualStudioVersion = 16.0.31105.61
MinimumVisualStudioVersion = 10.0.40219.1
Project("{9A19103F-16F7-4668-BE54-9A1E7A4F7556}") = "fb hacker cup 2021", "fb hacker cup 2021.csproj", "{90D999EC-E71F-4B3A-AEEC-E4FADD3E3567}"
EndProject
Global
	GlobalSection(SolutionConfigurationPlatforms) = preSolution
		Debug|Any CPU = Debug|Any CPU
		Release|Any CPU = Release|Any CPU
	EndGlobalSection
	GlobalSection(ProjectConfigurationPlatforms) = postSolution
		{90D999EC-E71F-4B3A-AEEC-E4FADD3E3567}.Debug|Any CPU.ActiveCfg = Debug|Any CPU
		{90D999EC-E71F-4B3A-AEEC-E4FADD3E3567}.Debug|Any CPU.Build.0 = Debug|Any CPU
		{90D999EC-E71F-4B3A-AEEC-E4FADD3E3567}.Release|Any CPU.ActiveCfg = Release|Any CPU
		{90D999EC-E71F-4B3A-AEEC-E4FADD3E3567}.Release|Any CPU.Build.0 = Release|Any CPU
	EndGlobalSection
	GlobalSection(SolutionProperties) = preSolution
		HideSolutionNode = FALSE
	EndGlobalSection
	GlobalSection(ExtensibilityGlobals) = postSolution
		SolutionGuid = {C981B5B5-0C6F-4010-B34F-49D3C9318EAB}
	EndGlobalSection
EndGlobal
